{
  "name": "static-template",
  "version": "1.0.0",
  "lockfileVersion": 1,
  "requires": true,
  "dependencies": {
    "node-cmd": {
      "version": "3.0.0",
      "resolved": "https://registry.npmjs.org/node-cmd/-/node-cmd-3.0.0.tgz",
      "integrity": "sha1-OP/3CkqqT2WdID61eGJzcBjiT28=",
      "dev": true
    },
    "vuetify": {
      "version": "0.17.4",
      "resolved": "https://registry.npmjs.org/vuetify/-/vuetify-0.17.4.tgz",
      "integrity": "sha512-pWxWV7D3lLEo6OZsZO6ZvzScW95AjLo4I3xFXVuXuUw9czhsIERbOLXI0yNcVu1L1ZFpOdI+aR+qaaxdFFtcXQ=="
    }
  }
}
